
Microsoft Visual Studio Solution File, Format Version 12.00
# Visual Studio Version 17
VisualStudioVersion = 17.11.35222.181
MinimumVisualStudioVersion = 10.0.40219.1
Project("{FAE04EC0-301F-11D3-BF4B-00C04F79EFBC}") = "Alla 4 oop priciper inlämingsuppgift", "Alla 4 oop priciper inlämingsuppgift.csproj", "{9B5D3D71-FB73-4988-9D77-72573A048C0A}"
EndProject
Project("{2150E333-8FDC-42A3-9474-1A3956D46DE8}") = "Solution Items", "Solution Items", "{EB70DAEE-6C91-416F-AF6D-BF57D3EC176D}"
	ProjectSection(SolutionItems) = preProject
		Inkapsling.cs = Inkapsling.cs
	EndProjectSection
EndProject
Global
	GlobalSection(SolutionConfigurationPlatforms) = preSolution
		Debug|Any CPU = Debug|Any CPU
		Release|Any CPU = Release|Any CPU
	EndGlobalSection
	GlobalSection(ProjectConfigurationPlatforms) = postSolution
		{9B5D3D71-FB73-4988-9D77-72573A048C0A}.Debug|Any CPU.ActiveCfg = Debug|Any CPU
		{9B5D3D71-FB73-4988-9D77-72573A048C0A}.Debug|Any CPU.Build.0 = Debug|Any CPU
		{9B5D3D71-FB73-4988-9D77-72573A048C0A}.Release|Any CPU.ActiveCfg = Release|Any CPU
		{9B5D3D71-FB73-4988-9D77-72573A048C0A}.Release|Any CPU.Build.0 = Release|Any CPU
	EndGlobalSection
	GlobalSection(SolutionProperties) = preSolution
		HideSolutionNode = FALSE
	EndGlobalSection
	GlobalSection(ExtensibilityGlobals) = postSolution
		SolutionGuid = {2357D477-2072-4170-BD64-B8FD53998B87}
	EndGlobalSection
EndGlobal
